
Microsoft Visual Studio Solution File, Format Version 12.00
# Visual Studio Version 17
VisualStudioVersion = 17.9.34728.123
MinimumVisualStudioVersion = 10.0.40219.1
Project("{FAE04EC0-301F-11D3-BF4B-00C04F79EFBC}") = "YimMenu Updater", "YimMenu Updater\YimMenu Updater.csproj", "{D91A3831-A7E5-496D-BC10-273C64EA2535}"
EndProject
Global
	GlobalSection(SolutionConfigurationPlatforms) = preSolution
		Debug|Any CPU = Debug|Any CPU
		Release|Any CPU = Release|Any CPU
	EndGlobalSection
	GlobalSection(ProjectConfigurationPlatforms) = postSolution
		{D91A3831-A7E5-496D-BC10-273C64EA2535}.Debug|Any CPU.ActiveCfg = Debug|Any CPU
		{D91A3831-A7E5-496D-BC10-273C64EA2535}.Debug|Any CPU.Build.0 = Debug|Any CPU
		{D91A3831-A7E5-496D-BC10-273C64EA2535}.Release|Any CPU.ActiveCfg = Release|Any CPU
		{D91A3831-A7E5-496D-BC10-273C64EA2535}.Release|Any CPU.Build.0 = Release|Any CPU
	EndGlobalSection
	GlobalSection(SolutionProperties) = preSolution
		HideSolutionNode = FALSE
	EndGlobalSection
	GlobalSection(ExtensibilityGlobals) = postSolution
		SolutionGuid = {E3BCE353-E2BA-42A4-8AE4-9151218D498E}
	EndGlobalSection
EndGlobal
